
Microsoft Visual Studio Solution File, Format Version 12.00
# Visual Studio Version 16
VisualStudioVersion = 16.0.30320.27
MinimumVisualStudioVersion = 10.0.40219.1
Project("{FAE04EC0-301F-11D3-BF4B-00C04F79EFBC}") = "Endpoints", "Endpoints.csproj", "{413CF172-273E-4F58-B7BA-51A227179DC4}"
EndProject
Project("{FAE04EC0-301F-11D3-BF4B-00C04F79EFBC}") = "Endpoints.Tests", "..\Endpoints.Tests\Endpoints.Tests.csproj", "{C7BDE55B-63CB-4CAD-854D-A8817794D09D}"
EndProject
Global
	GlobalSection(SolutionConfigurationPlatforms) = preSolution
		Debug|Any CPU = Debug|Any CPU
		Release|Any CPU = Release|Any CPU
	EndGlobalSection
	GlobalSection(ProjectConfigurationPlatforms) = postSolution
		{413CF172-273E-4F58-B7BA-51A227179DC4}.Debug|Any CPU.ActiveCfg = Debug|Any CPU
		{413CF172-273E-4F58-B7BA-51A227179DC4}.Debug|Any CPU.Build.0 = Debug|Any CPU
		{413CF172-273E-4F58-B7BA-51A227179DC4}.Release|Any CPU.ActiveCfg = Release|Any CPU
		{413CF172-273E-4F58-B7BA-51A227179DC4}.Release|Any CPU.Build.0 = Release|Any CPU
		{C7BDE55B-63CB-4CAD-854D-A8817794D09D}.Debug|Any CPU.ActiveCfg = Debug|Any CPU
		{C7BDE55B-63CB-4CAD-854D-A8817794D09D}.Debug|Any CPU.Build.0 = Debug|Any CPU
		{C7BDE55B-63CB-4CAD-854D-A8817794D09D}.Release|Any CPU.ActiveCfg = Release|Any CPU
		{C7BDE55B-63CB-4CAD-854D-A8817794D09D}.Release|Any CPU.Build.0 = Release|Any CPU
	EndGlobalSection
	GlobalSection(SolutionProperties) = preSolution
		HideSolutionNode = FALSE
	EndGlobalSection
	GlobalSection(ExtensibilityGlobals) = postSolution
		SolutionGuid = {B2743DEE-5083-471C-997A-9E4FFD9ED859}
	EndGlobalSection
EndGlobal
